
Microsoft Visual Studio Solution File, Format Version 12.00
# Visual Studio 14
VisualStudioVersion = 14.0.24720.0
MinimumVisualStudioVersion = 10.0.40219.1
Project("{FAE04EC0-301F-11D3-BF4B-00C04F79EFBC}") = "D3Project", "D3Project\D3Project\D3Project.csproj", "{6DBBD928-E9D9-4802-8EE9-E68D5480CF14}"
EndProject
Project("{FAE04EC0-301F-11D3-BF4B-00C04F79EFBC}") = "D3ProjectContent", "D3Project\D3ProjectContent\D3ProjectContent.contentproj", "{8460301D-A95F-4984-B643-8C521CA46CD7}"
EndProject
Global
	GlobalSection(SolutionConfigurationPlatforms) = preSolution
		Debug|x86 = Debug|x86
		Release|x86 = Release|x86
	EndGlobalSection
	GlobalSection(ProjectConfigurationPlatforms) = postSolution
		{6DBBD928-E9D9-4802-8EE9-E68D5480CF14}.Debug|x86.ActiveCfg = Debug|x86
		{6DBBD928-E9D9-4802-8EE9-E68D5480CF14}.Debug|x86.Build.0 = Debug|x86
		{6DBBD928-E9D9-4802-8EE9-E68D5480CF14}.Release|x86.ActiveCfg = Release|x86
		{6DBBD928-E9D9-4802-8EE9-E68D5480CF14}.Release|x86.Build.0 = Release|x86
		{8460301D-A95F-4984-B643-8C521CA46CD7}.Debug|x86.ActiveCfg = Debug|x86
		{8460301D-A95F-4984-B643-8C521CA46CD7}.Release|x86.ActiveCfg = Release|x86
	EndGlobalSection
	GlobalSection(SolutionProperties) = preSolution
		HideSolutionNode = FALSE
	EndGlobalSection
EndGlobal
